// !$*UTF8*$!
{
	archiveVersion = 1;
	classes = {
	};
	objectVersion = 46;
	objects = {

/* Begin PBXBuildFile section */
		91C195231D6BE28F00FB4119 /* main.m in Sources */ = {isa = PBXBuildFile; fileRef = 91C195221D6BE28F00FB4119 /* main.m */; };
		91C195261D6BE28F00FB4119 /* AppDelegate.m in Sources */ = {isa = PBXBuildFile; fileRef = 91C195251D6BE28F00FB4119 /* AppDelegate.m */; };
		91C195291D6BE28F00FB4119 /* ViewController.m in Sources */ = {isa = PBXBuildFile; fileRef = 91C195281D6BE28F00FB4119 /* ViewController.m */; };
		91C1952C1D6BE28F00FB4119 /* Main.storyboard in Resources */ = {isa = PBXBuildFile; fileRef = 91C1952A1D6BE28F00FB4119 /* Main.storyboard */; };
		91C1952E1D6BE28F00FB4119 /* Images.xcassets in Resources */ = {isa = PBXBuildFile; fileRef = 91C1952D1D6BE28F00FB4119 /* Images.xcassets */; };
		91C195311D6BE28F00FB4119 /* LaunchScreen.xib in Resources */ = {isa = PBXBuildFile; fileRef = 91C1952F1D6BE28F00FB4119 /* LaunchScreen.xib */; };
		91C1953D1D6BE28F00FB4119 /* weiboTests.m in Sources */ = {isa = PBXBuildFile; fileRef = 91C1953C1D6BE28F00FB4119 /* weiboTests.m */; };
/* End PBXBuildFile section */

/* Begin PBXContainerItemProxy section */
		91C195371D6BE28F00FB4119 /* PBXContainerItemProxy */ = {
			isa = PBXContainerItemProxy;
			containerPortal = 91C195151D6BE28F00FB4119 /* Project object */;
			proxyType = 1;
			remoteGlobalIDString = 91C1951C1D6BE28F00FB4119;
			remoteInfo = weibo;
		};
/* End PBXContainerItemProxy section */

/* Begin PBXFileReference section */
		91C1951D1D6BE28F00FB4119 /* weibo.app */ = {isa = PBXFileReference; explicitFileType = wrapper.application; includeInIndex = 0; path = weibo.app; sourceTree = BUILT_PRODUCTS_DIR; };
		91C195211D6BE28F00FB4119 /* Info.plist */ = {isa = PBXFileReference; lastKnownFileType = text.plist.xml; path = Info.plist; sourceTree = "<group>"; };
		91C195221D6BE28F00FB4119 /* main.m */ = {isa = PBXFileReference; lastKnownFileType = sourcecode.c.objc; path = main.m; sourceTree = "<group>"; };
		91C195241D6BE28F00FB4119 /* AppDelegate.h */ = {isa = PBXFileReference; lastKnownFileType = sourcecode.c.h; path = AppDelegate.h; sourceTree = "<group>"; };
		91C195251D6BE28F00FB4119 /* AppDelegate.m */ = {isa = PBXFileReference; lastKnownFileType = sourcecode.c.objc; path = AppDelegate.m; sourceTree = "<group>"; };
		91C195271D6BE28F00FB4119 /* ViewController.h */ = {isa = PBXFileReference; lastKnownFileType = sourcecode.c.h; path = ViewController.h; sourceTree = "<group>"; };
		91C195281D6BE28F00FB4119 /* ViewController.m */ = {isa = PBXFileReference; lastKnownFileType = sourcecode.c.objc; path = ViewController.m; sourceTree = "<group>"; };
		91C1952B1D6BE28F00FB4119 /* Base */ = {isa = PBXFileReference; lastKnownFileType = file.storyboard; name = Base; path = Base.lproj/Main.storyboard; sourceTree = "<group>"; };
		91C1952D1D6BE28F00FB4119 /* Images.xcassets */ = {isa = PBXFileReference; lastKnownFileType = folder.assetcatalog; path = Images.xcassets; sourceTree = "<group>"; };
		91C195301D6BE28F00FB4119 /* Base */ = {isa = PBXFileReference; lastKnownFileType = file.xib; name = Base; path = Base.lproj/LaunchScreen.xib; sourceTree = "<group>"; };
		91C195361D6BE28F00FB4119 /* weiboTests.xctest */ = {isa = PBXFileReference; explicitFileType = wrapper.cfbundle; includeInIndex = 0; path = weiboTests.xctest; sourceTree = BUILT_PRODUCTS_DIR; };
		91C1953B1D6BE28F00FB4119 /* Info.plist */ = {isa = PBXFileReference; lastKnownFileType = text.plist.xml; path = Info.plist; sourceTree = "<group>"; };
		91C1953C1D6BE28F00FB4119 /* weiboTests.m */ = {isa = PBXFileReference; lastKnownFileType = sourcecode.c.objc; path = weiboTests.m; sourceTree = "<group>"; };
/* End PBXFileReference section */

/* Begin PBXFrameworksBuildPhase section */
		91C1951A1D6BE28F00FB4119 /* Frameworks */ = {
			isa = PBXFrameworksBuildPhase;
			buildActionMask = 2147483647;
			files = (
			);
			runOnlyForDeploymentPostprocessing = 0;
		};
		91C195331D6BE28F00FB4119 /* Frameworks */ = {
			isa = PBXFrameworksBuildPhase;
			buildActionMask = 2147483647;
			files = (
			);
			runOnlyForDeploymentPostprocessing = 0;
		};
/* End PBXFrameworksBuildPhase section */

/* Begin PBXGroup section */
		91C195141D6BE28F00FB4119 = {
			isa = PBXGroup;
			children = (
				91C1951F1D6BE28F00FB4119 /* weibo */,
				91C195391D6BE28F00FB4119 /* weiboTests */,
				91C1951E1D6BE28F00FB4119 /* Products */,
			);
			sourceTree = "<group>";
		};
		91C1951E1D6BE28F00FB4119 /* Products */ = {
			isa = PBXGroup;
			children = (
				91C1951D1D6BE28F00FB4119 /* weibo.app */,
				91C195361D6BE28F00FB4119 /* weiboTests.xctest */,
			);
			name = Products;
			sourceTree = "<group>";
		};
		91C1951F1D6BE28F00FB4119 /* weibo */ = {
			isa = PBXGroup;
			children = (
				91C195241D6BE28F00FB4119 /* AppDelegate.h */,
				91C195251D6BE28F00FB4119 /* AppDelegate.m */,
				91C195271D6BE28F00FB4119 /* ViewController.h */,
				91C195281D6BE28F00FB4119 /* ViewController.m */,
				91C1952A1D6BE28F00FB4119 /* Main.storyboard */,
				91C1952D1D6BE28F00FB4119 /* Images.xcassets */,
				91C1952F1D6BE28F00FB4119 /* LaunchScreen.xib */,
				91C195201D6BE28F00FB4119 /* Supporting Files */,
			);
			path = weibo;
			sourceTree = "<group>";
		};
		91C195201D6BE28F00FB4119 /* Supporting Files */ = {
			isa = PBXGroup;
			children = (
				91C195211D6BE28F00FB4119 /* Info.plist */,
				91C195221D6BE28F00FB4119 /* main.m */,
			);
			name = "Supporting Files";
			sourceTree = "<group>";
		};
		91C195391D6BE28F00FB4119 /* weiboTests */ = {
			isa = PBXGroup;
			children = (
				91C1953C1D6BE28F00FB4119 /* weiboTests.m */,
				91C1953A1D6BE28F00FB4119 /* Supporting Files */,
			);
			path = weiboTests;
			sourceTree = "<group>";
		};
		91C1953A1D6BE28F00FB4119 /* Supporting Files */ = {
			isa = PBXGroup;
			children = (
				91C1953B1D6BE28F00FB4119 /* Info.plist */,
			);
			name = "Supporting Files";
			sourceTree = "<group>";
		};
/* End PBXGroup section */

/* Begin PBXNativeTarget section */
		91C1951C1D6BE28F00FB4119 /* weibo */ = {
			isa = PBXNativeTarget;
			buildConfigurationList = 91C195401D6BE28F00FB4119 /* Build configuration list for PBXNativeTarget "weibo" */;
			buildPhases = (
				91C195191D6BE28F00FB4119 /* Sources */,
				91C1951A1D6BE28F00FB4119 /* Frameworks */,
				91C1951B1D6BE28F00FB4119 /* Resources */,
			);
			buildRules = (
			);
			dependencies = (
			);
			name = weibo;
			productName = weibo;
			productReference = 91C1951D1D6BE28F00FB4119 /* weibo.app */;
			productType = "com.apple.product-type.application";
		};
		91C195351D6BE28F00FB4119 /* weiboTests */ = {
			isa = PBXNativeTarget;
			buildConfigurationList = 91C195431D6BE28F00FB4119 /* Build configuration list for PBXNativeTarget "weiboTests" */;
			buildPhases = (
				91C195321D6BE28F00FB4119 /* Sources */,
				91C195331D6BE28F00FB4119 /* Frameworks */,
				91C195341D6BE28F00FB4119 /* Resources */,
			);
			buildRules = (
			);
			dependencies = (
				91C195381D6BE28F00FB4119 /* PBXTargetDependency */,
			);
			name = weiboTests;
			productName = weiboTests;
			productReference = 91C195361D6BE28F00FB4119 /* weiboTests.xctest */;
			productType = "com.apple.product-type.bundle.unit-test";
		};
/* End PBXNativeTarget section */

/* Begin PBXProject section */
		91C195151D6BE28F00FB4119 /* Project object */ = {
			isa = PBXProject;
			attributes = {
				LastUpgradeCheck = 0640;
				ORGANIZATIONNAME = itcast;
				TargetAttributes = {
					91C1951C1D6BE28F00FB4119 = {
						CreatedOnToolsVersion = 6.4;
					};
					91C195351D6BE28F00FB4119 = {
						CreatedOnToolsVersion = 6.4;
						TestTargetID = 91C1951C1D6BE28F00FB4119;
					};
				};
			};
			buildConfigurationList = 91C195181D6BE28F00FB4119 /* Build configuration list for PBXProject "weibo" */;
			compatibilityVersion = "Xcode 3.2";
			developmentRegion = English;
			hasScannedForEncodings = 0;
			knownRegions = (
				en,
				Base,
			);
			mainGroup = 91C195141D6BE28F00FB4119;
			productRefGroup = 91C1951E1D6BE28F00FB4119 /* Products */;
			projectDirPath = "";
			projectRoot = "";
			targets = (
				91C1951C1D6BE28F00FB4119 /* weibo */,
				91C195351D6BE28F00FB4119 /* weiboTests */,
			);
		};
/* End PBXProject section */

/* Begin PBXResourcesBuildPhase section */
		91C1951B1D6BE28F00FB4119 /* Resources */ = {
			isa = PBXResourcesBuildPhase;
			buildActionMask = 2147483647;
			files = (
				91C1952C1D6BE28F00FB4119 /* Main.storyboard in Resources */,
				91C195311D6BE28F00FB4119 /* LaunchScreen.xib in Resources */,
				91C1952E1D6BE28F00FB4119 /* Images.xcassets in Resources */,
			);
			runOnlyForDeploymentPostprocessing = 0;
		};
		91C195341D6BE28F00FB4119 /* Resources */ = {
			isa = PBXResourcesBuildPhase;
			buildActionMask = 2147483647;
			files = (
			);
			runOnlyForDeploymentPostprocessing = 0;
		};
/* End PBXResourcesBuildPhase section */

/* Begin PBXSourcesBuildPhase section */
		91C195191D6BE28F00FB4119 /* Sources */ = {
			isa = PBXSourcesBuildPhase;
			buildActionMask = 2147483647;
			files = (
				91C195291D6BE28F00FB4119 /* ViewController.m in Sources */,
				91C195261D6BE28F00FB4119 /* AppDelegate.m in Sources */,
				91C195231D6BE28F00FB4119 /* main.m in Sources */,
			);
			runOnlyForDeploymentPostprocessing = 0;
		};
		91C195321D6BE28F00FB4119 /* Sources */ = {
			isa = PBXSourcesBuildPhase;
			buildActionMask = 2147483647;
			files = (
				91C1953D1D6BE28F00FB4119 /* weiboTests.m in Sources */,
			);
			runOnlyForDeploymentPostprocessing = 0;
		};
/* End PBXSourcesBuildPhase section */

/* Begin PBXTargetDependency section */
		91C195381D6BE28F00FB4119 /* PBXTargetDependency */ = {
			isa = PBXTargetDependency;
			target = 91C1951C1D6BE28F00FB4119 /* weibo */;
			targetProxy = 91C195371D6BE28F00FB4119 /* PBXContainerItemProxy */;
		};
/* End PBXTargetDependency section */

/* Begin PBXVariantGroup section */
		91C1952A1D6BE28F00FB4119 /* Main.storyboard */ = {
			isa = PBXVariantGroup;
			children = (
				91C1952B1D6BE28F00FB4119 /* Base */,
			);
			name = Main.storyboard;
			sourceTree = "<group>";
		};
		91C1952F1D6BE28F00FB4119 /* LaunchScreen.xib */ = {
			isa = PBXVariantGroup;
			children = (
				91C195301D6BE28F00FB4119 /* Base */,
			);
			name = LaunchScreen.xib;
			sourceTree = "<group>";
		};
/* End PBXVariantGroup section */

/* Begin XCBuildConfiguration section */
		91C1953E1D6BE28F00FB4119 /* Debug */ = {
			isa = XCBuildConfiguration;
			buildSettings = {
				ALWAYS_SEARCH_USER_PATHS = NO;
				CLANG_CXX_LANGUAGE_STANDARD = "gnu++0x";
				CLANG_CXX_LIBRARY = "libc++";
				CLANG_ENABLE_MODULES = YES;
				CLANG_ENABLE_OBJC_ARC = YES;
				CLANG_WARN_BOOL_CONVERSION = YES;
				CLANG_WARN_CONSTANT_CONVERSION = YES;
				CLANG_WARN_DIRECT_OBJC_ISA_USAGE = YES_ERROR;
				CLANG_WARN_EMPTY_BODY = YES;
				CLANG_WARN_ENUM_CONVERSION = YES;
				CLANG_WARN_INT_CONVERSION = YES;
				CLANG_WARN_OBJC_ROOT_CLASS = YES_ERROR;
				CLANG_WARN_UNREACHABLE_CODE = YES;
				CLANG_WARN__DUPLICATE_METHOD_MATCH = YES;
				"CODE_SIGN_IDENTITY[sdk=iphoneos*]" = "iPhone Developer";
				COPY_PHASE_STRIP = NO;
				DEBUG_INFORMATION_FORMAT = "dwarf-with-dsym";
				ENABLE_STRICT_OBJC_MSGSEND = YES;
				GCC_C_LANGUAGE_STANDARD = gnu99;
				GCC_DYNAMIC_NO_PIC = NO;
				GCC_NO_COMMON_BLOCKS = YES;
				GCC_OPTIMIZATION_LEVEL = 0;
				GCC_PREPROCESSOR_DEFINITIONS = (
					"DEBUG=1",
					"$(inherited)",
				);
				GCC_SYMBOLS_PRIVATE_EXTERN = NO;
				GCC_WARN_64_TO_32_BIT_CONVERSION = YES;
				GCC_WARN_ABOUT_RETURN_TYPE = YES_ERROR;
				GCC_WARN_UNDECLARED_SELECTOR = YES;
				GCC_WARN_UNINITIALIZED_AUTOS = YES_AGGRESSIVE;
				GCC_WARN_UNUSED_FUNCTION = YES;
				GCC_WARN_UNUSED_VARIABLE = YES;
				IPHONEOS_DEPLOYMENT_TARGET = 8.4;
				MTL_ENABLE_DEBUG_INFO = YES;
				ONLY_ACTIVE_ARCH = YES;
				SDKROOT = iphoneos;
				TARGETED_DEVICE_FAMILY = "1,2";
			};
			name = Debug;
		};
		91C1953F1D6BE28F00FB4119 /* Release */ = {
			isa = XCBuildConfiguration;
			buildSettings = {
				ALWAYS_SEARCH_USER_PATHS = NO;
				CLANG_CXX_LANGUAGE_STANDARD = "gnu++0x";
				CLANG_CXX_LIBRARY = "libc++";
				CLANG_ENABLE_MODULES = YES;
				CLANG_ENABLE_OBJC_ARC = YES;
				CLANG_WARN_BOOL_CONVERSION = YES;
				CLANG_WARN_CONSTANT_CONVERSION = YES;
				CLANG_WARN_DIRECT_OBJC_ISA_USAGE = YES_ERROR;
				CLANG_WARN_EMPTY_BODY = YES;
				CLANG_WARN_ENUM_CONVERSION = YES;
				CLANG_WARN_INT_CONVERSION = YES;
				CLANG_WARN_OBJC_ROOT_CLASS = YES_ERROR;
				CLANG_WARN_UNREACHABLE_CODE = YES;
				CLANG_WARN__DUPLICATE_METHOD_MATCH = YES;
				"CODE_SIGN_IDENTITY[sdk=iphoneos*]" = "iPhone Developer";
				COPY_PHASE_STRIP = NO;
				DEBUG_INFORMATION_FORMAT = "dwarf-with-dsym";
				ENABLE_NS_ASSERTIONS = NO;
				ENABLE_STRICT_OBJC_MSGSEND = YES;
				GCC_C_LANGUAGE_STANDARD = gnu99;
				GCC_NO_COMMON_BLOCKS = YES;
				GCC_WARN_64_TO_32_BIT_CONVERSION = YES;
				GCC_WARN_ABOUT_RETURN_TYPE = YES_ERROR;
				GCC_WARN_UNDECLARED_SELECTOR = YES;
				GCC_WARN_UNINITIALIZED_AUTOS = YES_AGGRESSIVE;
				GCC_WARN_UNUSED_FUNCTION = YES;
				GCC_WARN_UNUSED_VARIABLE = YES;
				IPHONEOS_DEPLOYMENT_TARGET = 8.4;
				MTL_ENABLE_DEBUG_INFO = NO;
				SDKROOT = iphoneos;
				TARGETED_DEVICE_FAMILY = "1,2";
				VALIDATE_PRODUCT = YES;
			};
			name = Release;
		};
		91C195411D6BE28F00FB4119 /* Debug */ = {
			isa = XCBuildConfiguration;
			buildSettings = {
				ASSETCATALOG_COMPILER_APPICON_NAME = AppIcon;
				INFOPLIST_FILE = weibo/Info.plist;
				LD_RUNPATH_SEARCH_PATHS = "$(inherited) @executable_path/Frameworks";
				PRODUCT_NAME = "$(TARGET_NAME)";
			};
			name = Debug;
		};
		91C195421D6BE28F00FB4119 /* Release */ = {
			isa = XCBuildConfiguration;
			buildSettings = {
				ASSETCATALOG_COMPILER_APPICON_NAME = AppIcon;
				INFOPLIST_FILE = weibo/Info.plist;
				LD_RUNPATH_SEARCH_PATHS = "$(inherited) @executable_path/Frameworks";
				PRODUCT_NAME = "$(TARGET_NAME)";
			};
			name = Release;
		};
		91C195441D6BE28F00FB4119 /* Debug */ = {
			isa = XCBuildConfiguration;
			buildSettings = {
				BUNDLE_LOADER = "$(TEST_HOST)";
				FRAMEWORK_SEARCH_PATHS = (
					"$(SDKROOT)/Developer/Library/Frameworks",
					"$(inherited)",
				);
				GCC_PREPROCESSOR_DEFINITIONS = (
					"DEBUG=1",
					"$(inherited)",
				);
				INFOPLIST_FILE = weiboTests/Info.plist;
				LD_RUNPATH_SEARCH_PATHS = "$(inherited) @executable_path/Frameworks @loader_path/Frameworks";
				PRODUCT_NAME = "$(TARGET_NAME)";
				TEST_HOST = "$(BUILT_PRODUCTS_DIR)/weibo.app/weibo";
			};
			name = Debug;
		};
		91C195451D6BE28F00FB4119 /* Release */ = {
			isa = XCBuildConfiguration;
			buildSettings = {
				BUNDLE_LOADER = "$(TEST_HOST)";
				FRAMEWORK_SEARCH_PATHS = (
					"$(SDKROOT)/Developer/Library/Frameworks",
					"$(inherited)",
				);
				INFOPLIST_FILE = weiboTests/Info.plist;
				LD_RUNPATH_SEARCH_PATHS = "$(inherited) @executable_path/Frameworks @loader_path/Frameworks";
				PRODUCT_NAME = "$(TARGET_NAME)";
				TEST_HOST = "$(BUILT_PRODUCTS_DIR)/weibo.app/weibo";
			};
			name = Release;
		};
/* End XCBuildConfiguration section */

/* Begin XCConfigurationList section */
		91C195181D6BE28F00FB4119 /* Build configuration list for PBXProject "weibo" */ = {
			isa = XCConfigurationList;
			buildConfigurations = (
				91C1953E1D6BE28F00FB4119 /* Debug */,
				91C1953F1D6BE28F00FB4119 /* Release */,
			);
			defaultConfigurationIsVisible = 0;
			defaultConfigurationName = Release;
		};
		91C195401D6BE28F00FB4119 /* Build configuration list for PBXNativeTarget "weibo" */ = {
			isa = XCConfigurationList;
			buildConfigurations = (
				91C195411D6BE28F00FB4119 /* Debug */,
				91C195421D6BE28F00FB4119 /* Release */,
			);
			defaultConfigurationIsVisible = 0;
		};
		91C195431D6BE28F00FB4119 /* Build configuration list for PBXNativeTarget "weiboTests" */ = {
			isa = XCConfigurationList;
			buildConfigurations = (
				91C195441D6BE28F00FB4119 /* Debug */,
				91C195451D6BE28F00FB4119 /* Release */,
			);
			defaultConfigurationIsVisible = 0;
		};
/* End XCConfigurationList section */
	};
	rootObject = 91C195151D6BE28F00FB4119 /* Project object */;
}
